// !$*UTF8*$!
{
	archiveVersion = 1;
	classes = {
	};
	objectVersion = 45;
	objects = {

/* Begin PBXBuildFile section */
		1D3623260D0F684500981E51 /* AppDelegate.m in Sources */ = {isa = PBXBuildFile; fileRef = 1D3623250D0F684500981E51 /* AppDelegate.m */; };
		1D60589B0D05DD56006BFB54 /* main.m in Sources */ = {isa = PBXBuildFile; fileRef = 29B97316FDCFA39411CA2CEA /* main.m */; };
		1D60589F0D05DD5A006BFB54 /* Foundation.framework in Frameworks */ = {isa = PBXBuildFile; fileRef = 1D30AB110D05D00D00671497 /* Foundation.framework */; };
		1DF5F4E00D08C38300B7A737 /* UIKit.framework in Frameworks */ = {isa = PBXBuildFile; fileRef = 1DF5F4DF0D08C38300B7A737 /* UIKit.framework */; };
		28860BE50F44EE6400985440 /* CoreData.framework in Frameworks */ = {isa = PBXBuildFile; fileRef = 28860BE40F44EE6400985440 /* CoreData.framework */; };
		2892E4100DC94CBA00A64D0F /* CoreGraphics.framework in Frameworks */ = {isa = PBXBuildFile; fileRef = 2892E40F0DC94CBA00A64D0F /* CoreGraphics.framework */; };
		28C286E10D94DF7D0034E888 /* RootViewController.m in Sources */ = {isa = PBXBuildFile; fileRef = 28C286E00D94DF7D0034E888 /* RootViewController.m */; };
		B6AE4E2810E7DA4200DE9C07 /* ZSURLConnectionDelegate.m in Sources */ = {isa = PBXBuildFile; fileRef = B6AE4E2710E7DA4200DE9C07 /* ZSURLConnectionDelegate.m */; };
		B6AE4EA710E7DCDF00DE9C07 /* CXMLDocument_CreationExtensions.m in Sources */ = {isa = PBXBuildFile; fileRef = B6AE4E9010E7DCDF00DE9C07 /* CXMLDocument_CreationExtensions.m */; };
		B6AE4EA810E7DCDF00DE9C07 /* CXMLNode_CreationExtensions.m in Sources */ = {isa = PBXBuildFile; fileRef = B6AE4E9210E7DCDF00DE9C07 /* CXMLNode_CreationExtensions.m */; };
		B6AE4EA910E7DCDF00DE9C07 /* CXMLDocument.m in Sources */ = {isa = PBXBuildFile; fileRef = B6AE4E9410E7DCDF00DE9C07 /* CXMLDocument.m */; };
		B6AE4EAA10E7DCDF00DE9C07 /* CXMLDocument_PrivateExtensions.m in Sources */ = {isa = PBXBuildFile; fileRef = B6AE4E9610E7DCDF00DE9C07 /* CXMLDocument_PrivateExtensions.m */; };
		B6AE4EAB10E7DCDF00DE9C07 /* CXMLElement.m in Sources */ = {isa = PBXBuildFile; fileRef = B6AE4E9810E7DCDF00DE9C07 /* CXMLElement.m */; };
		B6AE4EAC10E7DCDF00DE9C07 /* CXMLElement_CreationExtensions.m in Sources */ = {isa = PBXBuildFile; fileRef = B6AE4E9A10E7DCDF00DE9C07 /* CXMLElement_CreationExtensions.m */; };
		B6AE4EAD10E7DCDF00DE9C07 /* CXMLElement_ElementTreeExtensions.m in Sources */ = {isa = PBXBuildFile; fileRef = B6AE4E9C10E7DCDF00DE9C07 /* CXMLElement_ElementTreeExtensions.m */; };
		B6AE4EAE10E7DCDF00DE9C07 /* CXMLNode.m in Sources */ = {isa = PBXBuildFile; fileRef = B6AE4E9E10E7DCDF00DE9C07 /* CXMLNode.m */; };
		B6AE4EAF10E7DCDF00DE9C07 /* CXMLNode_PrivateExtensions.m in Sources */ = {isa = PBXBuildFile; fileRef = B6AE4EA010E7DCDF00DE9C07 /* CXMLNode_PrivateExtensions.m */; };
		B6AE4EB010E7DCDF00DE9C07 /* CXMLNode_XPathExtensions.m in Sources */ = {isa = PBXBuildFile; fileRef = B6AE4EA210E7DCDF00DE9C07 /* CXMLNode_XPathExtensions.m */; };
		B6AE4EB110E7DCDF00DE9C07 /* CTidy.m in Sources */ = {isa = PBXBuildFile; fileRef = B6AE4EA510E7DCDF00DE9C07 /* CTidy.m */; };
		B6FFEE7B10E7EF180001D897 /* MainWindow.xib in Resources */ = {isa = PBXBuildFile; fileRef = B6FFEE7710E7EF180001D897 /* MainWindow.xib */; };
		B6FFEE7C10E7EF180001D897 /* RootViewController.xib in Resources */ = {isa = PBXBuildFile; fileRef = B6FFEE7910E7EF180001D897 /* RootViewController.xib */; };
		B6FFEE8010E7EF310001D897 /* DataModel.xcdatamodel in Sources */ = {isa = PBXBuildFile; fileRef = B6FFEE7F10E7EF310001D897 /* DataModel.xcdatamodel */; };
/* End PBXBuildFile section */

/* Begin PBXFileReference section */
		1D30AB110D05D00D00671497 /* Foundation.framework */ = {isa = PBXFileReference; lastKnownFileType = wrapper.framework; name = Foundation.framework; path = System/Library/Frameworks/Foundation.framework; sourceTree = SDKROOT; };
		1D3623240D0F684500981E51 /* AppDelegate.h */ = {isa = PBXFileReference; fileEncoding = 4; lastKnownFileType = sourcecode.c.h; path = AppDelegate.h; sourceTree = "<group>"; };
		1D3623250D0F684500981E51 /* AppDelegate.m */ = {isa = PBXFileReference; fileEncoding = 4; lastKnownFileType = sourcecode.c.objc; path = AppDelegate.m; sourceTree = "<group>"; };
		1D6058910D05DD3D006BFB54 /* Feed Reader.app */ = {isa = PBXFileReference; explicitFileType = wrapper.application; includeInIndex = 0; path = "Feed Reader.app"; sourceTree = BUILT_PRODUCTS_DIR; };
		1DF5F4DF0D08C38300B7A737 /* UIKit.framework */ = {isa = PBXFileReference; lastKnownFileType = wrapper.framework; name = UIKit.framework; path = System/Library/Frameworks/UIKit.framework; sourceTree = SDKROOT; };
		28860BE40F44EE6400985440 /* CoreData.framework */ = {isa = PBXFileReference; lastKnownFileType = wrapper.framework; name = CoreData.framework; path = System/Library/Frameworks/CoreData.framework; sourceTree = SDKROOT; };
		2892E40F0DC94CBA00A64D0F /* CoreGraphics.framework */ = {isa = PBXFileReference; lastKnownFileType = wrapper.framework; name = CoreGraphics.framework; path = System/Library/Frameworks/CoreGraphics.framework; sourceTree = SDKROOT; };
		28A0AAE50D9B0CCF005BE974 /* Prefix.pch */ = {isa = PBXFileReference; fileEncoding = 4; lastKnownFileType = sourcecode.c.h; path = Prefix.pch; sourceTree = "<group>"; };
		28C286DF0D94DF7D0034E888 /* RootViewController.h */ = {isa = PBXFileReference; fileEncoding = 4; lastKnownFileType = sourcecode.c.h; path = RootViewController.h; sourceTree = "<group>"; };
		28C286E00D94DF7D0034E888 /* RootViewController.m */ = {isa = PBXFileReference; fileEncoding = 4; lastKnownFileType = sourcecode.c.objc; path = RootViewController.m; sourceTree = "<group>"; };
		29B97316FDCFA39411CA2CEA /* main.m */ = {isa = PBXFileReference; fileEncoding = 4; lastKnownFileType = sourcecode.c.objc; path = main.m; sourceTree = "<group>"; };
		8D1107310486CEB800E47090 /* Info.plist */ = {isa = PBXFileReference; fileEncoding = 4; lastKnownFileType = text.plist.xml; path = Info.plist; plistStructureDefinitionIdentifier = "com.apple.xcode.plist.structure-definition.iphone.info-plist"; sourceTree = "<group>"; };
		B6AE4E2610E7DA4200DE9C07 /* ZSURLConnectionDelegate.h */ = {isa = PBXFileReference; fileEncoding = 4; lastKnownFileType = sourcecode.c.h; path = ZSURLConnectionDelegate.h; sourceTree = "<group>"; };
		B6AE4E2710E7DA4200DE9C07 /* ZSURLConnectionDelegate.m */ = {isa = PBXFileReference; fileEncoding = 4; lastKnownFileType = sourcecode.c.objc; path = ZSURLConnectionDelegate.m; sourceTree = "<group>"; };
		B6AE4E8F10E7DCDF00DE9C07 /* CXMLDocument_CreationExtensions.h */ = {isa = PBXFileReference; fileEncoding = 4; lastKnownFileType = sourcecode.c.h; path = CXMLDocument_CreationExtensions.h; sourceTree = "<group>"; };
		B6AE4E9010E7DCDF00DE9C07 /* CXMLDocument_CreationExtensions.m */ = {isa = PBXFileReference; fileEncoding = 4; lastKnownFileType = sourcecode.c.objc; path = CXMLDocument_CreationExtensions.m; sourceTree = "<group>"; };
		B6AE4E9110E7DCDF00DE9C07 /* CXMLNode_CreationExtensions.h */ = {isa = PBXFileReference; fileEncoding = 4; lastKnownFileType = sourcecode.c.h; path = CXMLNode_CreationExtensions.h; sourceTree = "<group>"; };
		B6AE4E9210E7DCDF00DE9C07 /* CXMLNode_CreationExtensions.m */ = {isa = PBXFileReference; fileEncoding = 4; lastKnownFileType = sourcecode.c.objc; path = CXMLNode_CreationExtensions.m; sourceTree = "<group>"; };
		B6AE4E9310E7DCDF00DE9C07 /* CXMLDocument.h */ = {isa = PBXFileReference; fileEncoding = 4; lastKnownFileType = sourcecode.c.h; path = CXMLDocument.h; sourceTree = "<group>"; };
		B6AE4E9410E7DCDF00DE9C07 /* CXMLDocument.m */ = {isa = PBXFileReference; fileEncoding = 4; lastKnownFileType = sourcecode.c.objc; path = CXMLDocument.m; sourceTree = "<group>"; };
		B6AE4E9510E7DCDF00DE9C07 /* CXMLDocument_PrivateExtensions.h */ = {isa = PBXFileReference; fileEncoding = 4; lastKnownFileType = sourcecode.c.h; path = CXMLDocument_PrivateExtensions.h; sourceTree = "<group>"; };
		B6AE4E9610E7DCDF00DE9C07 /* CXMLDocument_PrivateExtensions.m */ = {isa = PBXFileReference; fileEncoding = 4; lastKnownFileType = sourcecode.c.objc; path = CXMLDocument_PrivateExtensions.m; sourceTree = "<group>"; };
		B6AE4E9710E7DCDF00DE9C07 /* CXMLElement.h */ = {isa = PBXFileReference; fileEncoding = 4; lastKnownFileType = sourcecode.c.h; path = CXMLElement.h; sourceTree = "<group>"; };
		B6AE4E9810E7DCDF00DE9C07 /* CXMLElement.m */ = {isa = PBXFileReference; fileEncoding = 4; lastKnownFileType = sourcecode.c.objc; path = CXMLElement.m; sourceTree = "<group>"; };
		B6AE4E9910E7DCDF00DE9C07 /* CXMLElement_CreationExtensions.h */ = {isa = PBXFileReference; fileEncoding = 4; lastKnownFileType = sourcecode.c.h; path = CXMLElement_CreationExtensions.h; sourceTree = "<group>"; };
		B6AE4E9A10E7DCDF00DE9C07 /* CXMLElement_CreationExtensions.m */ = {isa = PBXFileReference; fileEncoding = 4; lastKnownFileType = sourcecode.c.objc; path = CXMLElement_CreationExtensions.m; sourceTree = "<group>"; };
		B6AE4E9B10E7DCDF00DE9C07 /* CXMLElement_ElementTreeExtensions.h */ = {isa = PBXFileReference; fileEncoding = 4; lastKnownFileType = sourcecode.c.h; path = CXMLElement_ElementTreeExtensions.h; sourceTree = "<group>"; };
		B6AE4E9C10E7DCDF00DE9C07 /* CXMLElement_ElementTreeExtensions.m */ = {isa = PBXFileReference; fileEncoding = 4; lastKnownFileType = sourcecode.c.objc; path = CXMLElement_ElementTreeExtensions.m; sourceTree = "<group>"; };
		B6AE4E9D10E7DCDF00DE9C07 /* CXMLNode.h */ = {isa = PBXFileReference; fileEncoding = 4; lastKnownFileType = sourcecode.c.h; path = CXMLNode.h; sourceTree = "<group>"; };
		B6AE4E9E10E7DCDF00DE9C07 /* CXMLNode.m */ = {isa = PBXFileReference; fileEncoding = 4; lastKnownFileType = sourcecode.c.objc; path = CXMLNode.m; sourceTree = "<group>"; };
		B6AE4E9F10E7DCDF00DE9C07 /* CXMLNode_PrivateExtensions.h */ = {isa = PBXFileReference; fileEncoding = 4; lastKnownFileType = sourcecode.c.h; path = CXMLNode_PrivateExtensions.h; sourceTree = "<group>"; };
		B6AE4EA010E7DCDF00DE9C07 /* CXMLNode_PrivateExtensions.m */ = {isa = PBXFileReference; fileEncoding = 4; lastKnownFileType = sourcecode.c.objc; path = CXMLNode_PrivateExtensions.m; sourceTree = "<group>"; };
		B6AE4EA110E7DCDF00DE9C07 /* CXMLNode_XPathExtensions.h */ = {isa = PBXFileReference; fileEncoding = 4; lastKnownFileType = sourcecode.c.h; path = CXMLNode_XPathExtensions.h; sourceTree = "<group>"; };
		B6AE4EA210E7DCDF00DE9C07 /* CXMLNode_XPathExtensions.m */ = {isa = PBXFileReference; fileEncoding = 4; lastKnownFileType = sourcecode.c.objc; path = CXMLNode_XPathExtensions.m; sourceTree = "<group>"; };
		B6AE4EA410E7DCDF00DE9C07 /* CTidy.h */ = {isa = PBXFileReference; fileEncoding = 4; lastKnownFileType = sourcecode.c.h; path = CTidy.h; sourceTree = "<group>"; };
		B6AE4EA510E7DCDF00DE9C07 /* CTidy.m */ = {isa = PBXFileReference; fileEncoding = 4; lastKnownFileType = sourcecode.c.objc; path = CTidy.m; sourceTree = "<group>"; };
		B6AE4EA610E7DCDF00DE9C07 /* TouchXML.h */ = {isa = PBXFileReference; fileEncoding = 4; lastKnownFileType = sourcecode.c.h; path = TouchXML.h; sourceTree = "<group>"; };
		B6FFEE7810E7EF180001D897 /* en */ = {isa = PBXFileReference; lastKnownFileType = file.xib; name = en; path = en.lproj/MainWindow.xib; sourceTree = "<group>"; };
		B6FFEE7A10E7EF180001D897 /* en */ = {isa = PBXFileReference; lastKnownFileType = file.xib; name = en; path = en.lproj/RootViewController.xib; sourceTree = "<group>"; };
		B6FFEE7F10E7EF310001D897 /* DataModel.xcdatamodel */ = {isa = PBXFileReference; fileEncoding = 4; lastKnownFileType = wrapper.xcdatamodel; path = DataModel.xcdatamodel; sourceTree = "<group>"; };
/* End PBXFileReference section */

/* Begin PBXFrameworksBuildPhase section */
		1D60588F0D05DD3D006BFB54 /* Frameworks */ = {
			isa = PBXFrameworksBuildPhase;
			buildActionMask = 2147483647;
			files = (
				1D60589F0D05DD5A006BFB54 /* Foundation.framework in Frameworks */,
				1DF5F4E00D08C38300B7A737 /* UIKit.framework in Frameworks */,
				2892E4100DC94CBA00A64D0F /* CoreGraphics.framework in Frameworks */,
				28860BE50F44EE6400985440 /* CoreData.framework in Frameworks */,
			);
			runOnlyForDeploymentPostprocessing = 0;
		};
/* End PBXFrameworksBuildPhase section */

/* Begin PBXGroup section */
		080E96DDFE201D6D7F000001 /* Classes */ = {
			isa = PBXGroup;
			children = (
				B6AE4E2610E7DA4200DE9C07 /* ZSURLConnectionDelegate.h */,
				B6AE4E2710E7DA4200DE9C07 /* ZSURLConnectionDelegate.m */,
				28C286DF0D94DF7D0034E888 /* RootViewController.h */,
				28C286E00D94DF7D0034E888 /* RootViewController.m */,
				1D3623240D0F684500981E51 /* AppDelegate.h */,
				1D3623250D0F684500981E51 /* AppDelegate.m */,
			);
			path = Classes;
			sourceTree = "<group>";
		};
		19C28FACFE9D520D11CA2CBB /* Products */ = {
			isa = PBXGroup;
			children = (
				1D6058910D05DD3D006BFB54 /* Feed Reader.app */,
			);
			name = Products;
			sourceTree = "<group>";
		};
		29B97314FDCFA39411CA2CEA /* CustomTemplate */ = {
			isa = PBXGroup;
			children = (
				080E96DDFE201D6D7F000001 /* Classes */,
				29B97315FDCFA39411CA2CEA /* Other Sources */,
				29B97317FDCFA39411CA2CEA /* Resources */,
				29B97323FDCFA39411CA2CEA /* Frameworks */,
				19C28FACFE9D520D11CA2CBB /* Products */,
			);
			name = CustomTemplate;
			sourceTree = "<group>";
		};
		29B97315FDCFA39411CA2CEA /* Other Sources */ = {
			isa = PBXGroup;
			children = (
				28A0AAE50D9B0CCF005BE974 /* Prefix.pch */,
				29B97316FDCFA39411CA2CEA /* main.m */,
			);
			name = "Other Sources";
			sourceTree = "<group>";
		};
		29B97317FDCFA39411CA2CEA /* Resources */ = {
			isa = PBXGroup;
			children = (
				B6FFEE7E10E7EF310001D897 /* Data Models */,
				B6AE4E8D10E7DCDF00DE9C07 /* TouchXML */,
				B6FFEE7710E7EF180001D897 /* MainWindow.xib */,
				B6FFEE7910E7EF180001D897 /* RootViewController.xib */,
				8D1107310486CEB800E47090 /* Info.plist */,
			);
			name = Resources;
			sourceTree = "<group>";
		};
		29B97323FDCFA39411CA2CEA /* Frameworks */ = {
			isa = PBXGroup;
			children = (
				1DF5F4DF0D08C38300B7A737 /* UIKit.framework */,
				1D30AB110D05D00D00671497 /* Foundation.framework */,
				2892E40F0DC94CBA00A64D0F /* CoreGraphics.framework */,
				28860BE40F44EE6400985440 /* CoreData.framework */,
			);
			name = Frameworks;
			sourceTree = "<group>";
		};
		B6AE4E8D10E7DCDF00DE9C07 /* TouchXML */ = {
			isa = PBXGroup;
			children = (
				B6AE4E8E10E7DCDF00DE9C07 /* Creation */,
				B6AE4E9310E7DCDF00DE9C07 /* CXMLDocument.h */,
				B6AE4E9410E7DCDF00DE9C07 /* CXMLDocument.m */,
				B6AE4E9510E7DCDF00DE9C07 /* CXMLDocument_PrivateExtensions.h */,
				B6AE4E9610E7DCDF00DE9C07 /* CXMLDocument_PrivateExtensions.m */,
				B6AE4E9710E7DCDF00DE9C07 /* CXMLElement.h */,
				B6AE4E9810E7DCDF00DE9C07 /* CXMLElement.m */,
				B6AE4E9910E7DCDF00DE9C07 /* CXMLElement_CreationExtensions.h */,
				B6AE4E9A10E7DCDF00DE9C07 /* CXMLElement_CreationExtensions.m */,
				B6AE4E9B10E7DCDF00DE9C07 /* CXMLElement_ElementTreeExtensions.h */,
				B6AE4E9C10E7DCDF00DE9C07 /* CXMLElement_ElementTreeExtensions.m */,
				B6AE4E9D10E7DCDF00DE9C07 /* CXMLNode.h */,
				B6AE4E9E10E7DCDF00DE9C07 /* CXMLNode.m */,
				B6AE4E9F10E7DCDF00DE9C07 /* CXMLNode_PrivateExtensions.h */,
				B6AE4EA010E7DCDF00DE9C07 /* CXMLNode_PrivateExtensions.m */,
				B6AE4EA110E7DCDF00DE9C07 /* CXMLNode_XPathExtensions.h */,
				B6AE4EA210E7DCDF00DE9C07 /* CXMLNode_XPathExtensions.m */,
				B6AE4EA310E7DCDF00DE9C07 /* Tidy */,
				B6AE4EA610E7DCDF00DE9C07 /* TouchXML.h */,
			);
			path = TouchXML;
			sourceTree = "<group>";
		};
		B6AE4E8E10E7DCDF00DE9C07 /* Creation */ = {
			isa = PBXGroup;
			children = (
				B6AE4E8F10E7DCDF00DE9C07 /* CXMLDocument_CreationExtensions.h */,
				B6AE4E9010E7DCDF00DE9C07 /* CXMLDocument_CreationExtensions.m */,
				B6AE4E9110E7DCDF00DE9C07 /* CXMLNode_CreationExtensions.h */,
				B6AE4E9210E7DCDF00DE9C07 /* CXMLNode_CreationExtensions.m */,
			);
			path = Creation;
			sourceTree = "<group>";
		};
		B6AE4EA310E7DCDF00DE9C07 /* Tidy */ = {
			isa = PBXGroup;
			children = (
				B6AE4EA410E7DCDF00DE9C07 /* CTidy.h */,
				B6AE4EA510E7DCDF00DE9C07 /* CTidy.m */,
			);
			path = Tidy;
			sourceTree = "<group>";
		};
		B6FFEE7E10E7EF310001D897 /* Data Models */ = {
			isa = PBXGroup;
			children = (
				B6FFEE7F10E7EF310001D897 /* DataModel.xcdatamodel */,
			);
			name = "Data Models";
			path = dataModels;
			sourceTree = "<group>";
		};
/* End PBXGroup section */

/* Begin PBXNativeTarget section */
		1D6058900D05DD3D006BFB54 /* Test */ = {
			isa = PBXNativeTarget;
			buildConfigurationList = 1D6058960D05DD3E006BFB54 /* Build configuration list for PBXNativeTarget "Test" */;
			buildPhases = (
				1D60588D0D05DD3D006BFB54 /* Resources */,
				1D60588E0D05DD3D006BFB54 /* Sources */,
				1D60588F0D05DD3D006BFB54 /* Frameworks */,
			);
			buildRules = (
			);
			dependencies = (
			);
			name = Test;
			productName = Test;
			productReference = 1D6058910D05DD3D006BFB54 /* Feed Reader.app */;
			productType = "com.apple.product-type.application";
		};
/* End PBXNativeTarget section */

/* Begin PBXProject section */
		29B97313FDCFA39411CA2CEA /* Project object */ = {
			isa = PBXProject;
			buildConfigurationList = C01FCF4E08A954540054247B /* Build configuration list for PBXProject "FeedReader" */;
			compatibilityVersion = "Xcode 3.1";
			hasScannedForEncodings = 1;
			knownRegions = (
				English,
				Japanese,
				French,
				German,
				en,
			);
			mainGroup = 29B97314FDCFA39411CA2CEA /* CustomTemplate */;
			projectDirPath = "";
			projectRoot = "";
			targets = (
				1D6058900D05DD3D006BFB54 /* Test */,
			);
		};
/* End PBXProject section */

/* Begin PBXResourcesBuildPhase section */
		1D60588D0D05DD3D006BFB54 /* Resources */ = {
			isa = PBXResourcesBuildPhase;
			buildActionMask = 2147483647;
			files = (
				B6FFEE7B10E7EF180001D897 /* MainWindow.xib in Resources */,
				B6FFEE7C10E7EF180001D897 /* RootViewController.xib in Resources */,
			);
			runOnlyForDeploymentPostprocessing = 0;
		};
/* End PBXResourcesBuildPhase section */

/* Begin PBXSourcesBuildPhase section */
		1D60588E0D05DD3D006BFB54 /* Sources */ = {
			isa = PBXSourcesBuildPhase;
			buildActionMask = 2147483647;
			files = (
				1D60589B0D05DD56006BFB54 /* main.m in Sources */,
				1D3623260D0F684500981E51 /* AppDelegate.m in Sources */,
				28C286E10D94DF7D0034E888 /* RootViewController.m in Sources */,
				B6AE4E2810E7DA4200DE9C07 /* ZSURLConnectionDelegate.m in Sources */,
				B6AE4EA710E7DCDF00DE9C07 /* CXMLDocument_CreationExtensions.m in Sources */,
				B6AE4EA810E7DCDF00DE9C07 /* CXMLNode_CreationExtensions.m in Sources */,
				B6AE4EA910E7DCDF00DE9C07 /* CXMLDocument.m in Sources */,
				B6AE4EAA10E7DCDF00DE9C07 /* CXMLDocument_PrivateExtensions.m in Sources */,
				B6AE4EAB10E7DCDF00DE9C07 /* CXMLElement.m in Sources */,
				B6AE4EAC10E7DCDF00DE9C07 /* CXMLElement_CreationExtensions.m in Sources */,
				B6AE4EAD10E7DCDF00DE9C07 /* CXMLElement_ElementTreeExtensions.m in Sources */,
				B6AE4EAE10E7DCDF00DE9C07 /* CXMLNode.m in Sources */,
				B6AE4EAF10E7DCDF00DE9C07 /* CXMLNode_PrivateExtensions.m in Sources */,
				B6AE4EB010E7DCDF00DE9C07 /* CXMLNode_XPathExtensions.m in Sources */,
				B6AE4EB110E7DCDF00DE9C07 /* CTidy.m in Sources */,
				B6FFEE8010E7EF310001D897 /* DataModel.xcdatamodel in Sources */,
			);
			runOnlyForDeploymentPostprocessing = 0;
		};
/* End PBXSourcesBuildPhase section */

/* Begin PBXVariantGroup section */
		B6FFEE7710E7EF180001D897 /* MainWindow.xib */ = {
			isa = PBXVariantGroup;
			children = (
				B6FFEE7810E7EF180001D897 /* en */,
			);
			name = MainWindow.xib;
			sourceTree = "<group>";
		};
		B6FFEE7910E7EF180001D897 /* RootViewController.xib */ = {
			isa = PBXVariantGroup;
			children = (
				B6FFEE7A10E7EF180001D897 /* en */,
			);
			name = RootViewController.xib;
			sourceTree = "<group>";
		};
/* End PBXVariantGroup section */

/* Begin XCBuildConfiguration section */
		1D6058940D05DD3E006BFB54 /* Debug */ = {
			isa = XCBuildConfiguration;
			buildSettings = {
				ALWAYS_SEARCH_USER_PATHS = NO;
				COPY_PHASE_STRIP = NO;
				GCC_DYNAMIC_NO_PIC = NO;
				GCC_OPTIMIZATION_LEVEL = 0;
				GCC_PRECOMPILE_PREFIX_HEADER = YES;
				GCC_PREFIX_HEADER = Prefix.pch;
				HEADER_SEARCH_PATHS = /usr/include/libxml2;
				INFOPLIST_FILE = Info.plist;
				OTHER_CFLAGS = "-DDEBUG";
				OTHER_LDFLAGS = "-lxml2";
				PRODUCT_NAME = "Feed Reader";
			};
			name = Debug;
		};
		1D6058950D05DD3E006BFB54 /* Release */ = {
			isa = XCBuildConfiguration;
			buildSettings = {
				ALWAYS_SEARCH_USER_PATHS = NO;
				COPY_PHASE_STRIP = YES;
				GCC_PRECOMPILE_PREFIX_HEADER = YES;
				GCC_PREFIX_HEADER = Test_Prefix.pch;
				HEADER_SEARCH_PATHS = /usr/include/libxml2;
				INFOPLIST_FILE = Info.plist;
				OTHER_LDFLAGS = "-lxml2";
				PRODUCT_NAME = "Feed Reader";
			};
			name = Release;
		};
		C01FCF4F08A954540054247B /* Debug */ = {
			isa = XCBuildConfiguration;
			buildSettings = {
				ARCHS = "$(ARCHS_STANDARD_32_BIT)";
				"CODE_SIGN_IDENTITY[sdk=iphoneos*]" = "iPhone Developer";
				GCC_C_LANGUAGE_STANDARD = c99;
				GCC_WARN_ABOUT_RETURN_TYPE = YES;
				GCC_WARN_UNUSED_VARIABLE = YES;
				PREBINDING = NO;
				SDKROOT = iphoneos3.1.2;
			};
			name = Debug;
		};
		C01FCF5008A954540054247B /* Release */ = {
			isa = XCBuildConfiguration;
			buildSettings = {
				ARCHS = "$(ARCHS_STANDARD_32_BIT)";
				"CODE_SIGN_IDENTITY[sdk=iphoneos*]" = "iPhone Developer";
				GCC_C_LANGUAGE_STANDARD = c99;
				GCC_WARN_ABOUT_RETURN_TYPE = YES;
				GCC_WARN_UNUSED_VARIABLE = YES;
				PREBINDING = NO;
				SDKROOT = iphoneos3.1.2;
			};
			name = Release;
		};
/* End XCBuildConfiguration section */

/* Begin XCConfigurationList section */
		1D6058960D05DD3E006BFB54 /* Build configuration list for PBXNativeTarget "Test" */ = {
			isa = XCConfigurationList;
			buildConfigurations = (
				1D6058940D05DD3E006BFB54 /* Debug */,
				1D6058950D05DD3E006BFB54 /* Release */,
			);
			defaultConfigurationIsVisible = 0;
			defaultConfigurationName = Release;
		};
		C01FCF4E08A954540054247B /* Build configuration list for PBXProject "FeedReader" */ = {
			isa = XCConfigurationList;
			buildConfigurations = (
				C01FCF4F08A954540054247B /* Debug */,
				C01FCF5008A954540054247B /* Release */,
			);
			defaultConfigurationIsVisible = 0;
			defaultConfigurationName = Release;
		};
/* End XCConfigurationList section */
	};
	rootObject = 29B97313FDCFA39411CA2CEA /* Project object */;
}
